
Microsoft Visual Studio Solution File, Format Version 12.00
Project("{FAE04EC0-301F-11D3-BF4B-00C04F79EFBC}") = "VectorCsharp", "VectorCsharp\VectorCsharp.csproj", "{FE8268CF-FAC0-4947-B8A4-9930DD286827}"
EndProject
Global
	GlobalSection(SolutionConfigurationPlatforms) = preSolution
		Debug|Any CPU = Debug|Any CPU
		Release|Any CPU = Release|Any CPU
	EndGlobalSection
	GlobalSection(ProjectConfigurationPlatforms) = postSolution
		{FE8268CF-FAC0-4947-B8A4-9930DD286827}.Debug|Any CPU.ActiveCfg = Debug|Any CPU
		{FE8268CF-FAC0-4947-B8A4-9930DD286827}.Debug|Any CPU.Build.0 = Debug|Any CPU
		{FE8268CF-FAC0-4947-B8A4-9930DD286827}.Release|Any CPU.ActiveCfg = Release|Any CPU
		{FE8268CF-FAC0-4947-B8A4-9930DD286827}.Release|Any CPU.Build.0 = Release|Any CPU
	EndGlobalSection
EndGlobal
